// !$*UTF8*$!
{
	archiveVersion = 1;
	classes = {
	};
	objectVersion = 45;
	objects = {

/* Begin PBXFileReference section */
		B1F7985518601AFF00EDB1A3 /* ancillary.h */ = {isa = PBXFileReference; lastKnownFileType = sourcecode.c.h; path = ancillary.h; sourceTree = "<group>"; };
		B1F7985618601AFF00EDB1A3 /* fd_recv.c */ = {isa = PBXFileReference; lastKnownFileType = sourcecode.c.c; path = fd_recv.c; sourceTree = "<group>"; };
		B1F7985718601AFF00EDB1A3 /* fd_send.c */ = {isa = PBXFileReference; lastKnownFileType = sourcecode.c.c; path = fd_send.c; sourceTree = "<group>"; };
		B1F7985818601AFF00EDB1A3 /* lwmaster.c */ = {isa = PBXFileReference; lastKnownFileType = sourcecode.c.c; path = lwmaster.c; sourceTree = "<group>"; };
		B1F7985918601AFF00EDB1A3 /* lwmix.c */ = {isa = PBXFileReference; lastKnownFileType = sourcecode.c.c; path = lwmix.c; sourceTree = "<group>"; };
		B1F7985A18601AFF00EDB1A3 /* minGlue.h */ = {isa = PBXFileReference; lastKnownFileType = sourcecode.c.h; path = minGlue.h; sourceTree = "<group>"; };
		B1F7985B18601AFF00EDB1A3 /* minIni.c */ = {isa = PBXFileReference; lastKnownFileType = sourcecode.c.c; path = minIni.c; sourceTree = "<group>"; };
		B1F7985C18601AFF00EDB1A3 /* minIni.h */ = {isa = PBXFileReference; lastKnownFileType = sourcecode.c.h; path = minIni.h; sourceTree = "<group>"; };
/* End PBXFileReference section */

/* Begin PBXGroup section */
		B1F7984B1860192600EDB1A3 = {
			isa = PBXGroup;
			children = (
				B1F79853186019A500EDB1A3 /* src */,
			);
			sourceTree = "<group>";
		};
		B1F79853186019A500EDB1A3 /* src */ = {
			isa = PBXGroup;
			children = (
				B1F7985518601AFF00EDB1A3 /* ancillary.h */,
				B1F7985618601AFF00EDB1A3 /* fd_recv.c */,
				B1F7985718601AFF00EDB1A3 /* fd_send.c */,
				B1F7985818601AFF00EDB1A3 /* lwmaster.c */,
				B1F7985918601AFF00EDB1A3 /* lwmix.c */,
				B1F7985A18601AFF00EDB1A3 /* minGlue.h */,
				B1F7985B18601AFF00EDB1A3 /* minIni.c */,
				B1F7985C18601AFF00EDB1A3 /* minIni.h */,
			);
			path = src;
			sourceTree = SOURCE_ROOT;
		};
/* End PBXGroup section */

/* Begin PBXProject section */
		B1F7984C1860192600EDB1A3 /* Project object */ = {
			isa = PBXProject;
			attributes = {
				LastUpgradeCheck = 0500;
			};
			buildConfigurationList = B1F7984F1860192600EDB1A3 /* Build configuration list for PBXProject "lwmix" */;
			compatibilityVersion = "Xcode 3.1";
			developmentRegion = English;
			hasScannedForEncodings = 0;
			knownRegions = (
				en,
			);
			mainGroup = B1F7984B1860192600EDB1A3;
			projectDirPath = "";
			projectRoot = "";
			targets = (
			);
		};
/* End PBXProject section */

/* Begin XCBuildConfiguration section */
		B1F798501860192600EDB1A3 /* Debug */ = {
			isa = XCBuildConfiguration;
			buildSettings = {
			};
			name = Debug;
		};
		B1F798511860192600EDB1A3 /* Release */ = {
			isa = XCBuildConfiguration;
			buildSettings = {
			};
			name = Release;
		};
/* End XCBuildConfiguration section */

/* Begin XCConfigurationList section */
		B1F7984F1860192600EDB1A3 /* Build configuration list for PBXProject "lwmix" */ = {
			isa = XCConfigurationList;
			buildConfigurations = (
				B1F798501860192600EDB1A3 /* Debug */,
				B1F798511860192600EDB1A3 /* Release */,
			);
			defaultConfigurationIsVisible = 0;
			defaultConfigurationName = Release;
		};
/* End XCConfigurationList section */
	};
	rootObject = B1F7984C1860192600EDB1A3 /* Project object */;
}
